Microsoft Visual Studio Solution File, Format Version 12.00
# Visual Studio Version 17
VisualStudioVersion = 17.5.2.0
MinimumVisualStudioVersion = 10.0.40219.1
Project("{FAE04EC0-301F-11D3-BF4B-00C04F79EFBC}") = "blazor-list", "blazor-list.csproj", "{AD799C28-F944-3F82-7E46-5C7C0CD98797}"
EndProject
Global
	GlobalSection(SolutionConfigurationPlatforms) = preSolution
		Debug|Any CPU = Debug|Any CPU
		Release|Any CPU = Release|Any CPU
	EndGlobalSection
	GlobalSection(ProjectConfigurationPlatforms) = postSolution
		{AD799C28-F944-3F82-7E46-5C7C0CD98797}.Debug|Any CPU.ActiveCfg = Debug|Any CPU
		{AD799C28-F944-3F82-7E46-5C7C0CD98797}.Debug|Any CPU.Build.0 = Debug|Any CPU
		{AD799C28-F944-3F82-7E46-5C7C0CD98797}.Release|Any CPU.ActiveCfg = Release|Any CPU
		{AD799C28-F944-3F82-7E46-5C7C0CD98797}.Release|Any CPU.Build.0 = Release|Any CPU
	EndGlobalSection
	GlobalSection(SolutionProperties) = preSolution
		HideSolutionNode = FALSE
	EndGlobalSection
	GlobalSection(ExtensibilityGlobals) = postSolution
		SolutionGuid = {9FD72C95-DC9C-4217-9FF5-6EF392D9B0C4}
	EndGlobalSection
EndGlobal
